
Microsoft Visual Studio Solution File, Format Version 12.00
# Visual Studio 15
VisualStudioVersion = 15.0.27130.2010
MinimumVisualStudioVersion = 10.0.40219.1
Project("{FAE04EC0-301F-11D3-BF4B-00C04F79EFBC}") = "MvvmCrossSeed.Droid", "MvvmCrossSeed\MvvmCrossSeed.Droid\MvvmCrossSeed.Droid.csproj", "{D3BAD2DF-A5D2-44B9-8CB0-6A5E6C1183E2}"
EndProject
Project("{FAE04EC0-301F-11D3-BF4B-00C04F79EFBC}") = "MvvmCrossSeed.Core", "MvvmCrossSeed\MvvmCrossSeed.Core\MvvmCrossSeed.Core.csproj", "{CF19FA6C-20C7-4D7F-AE6A-D30CC061CE96}"
EndProject
Project("{FAE04EC0-301F-11D3-BF4B-00C04F79EFBC}") = "MvvmCrossSeed.iOS", "MvvmCrossSeed\MvvmCrossSeed.iOS\MvvmCrossSeed.iOS.csproj", "{A60A26C2-E2FC-460F-B229-8CACEA00E80B}"
EndProject
Project("{FAE04EC0-301F-11D3-BF4B-00C04F79EFBC}") = "MvvmCrossSeed.UWP", "MvvmCrossSeed\MvvmCrossSeed.UWP\MvvmCrossSeed.UWP.csproj", "{72BA4630-0C5C-4FDA-B098-F34F828B0605}"
EndProject
Project("{FAE04EC0-301F-11D3-BF4B-00C04F79EFBC}") = "MvvmCrossSeed.WPF", "MvvmCrossSeed\MvvmCrossSeed.WPF\MvvmCrossSeed.WPF.csproj", "{05C75C97-AE78-43D4-9DDA-A8FB32840799}"
EndProject
Global
	GlobalSection(SolutionConfigurationPlatforms) = preSolution
		Ad-Hoc|Any CPU = Ad-Hoc|Any CPU
		Ad-Hoc|ARM = Ad-Hoc|ARM
		Ad-Hoc|iPhone = Ad-Hoc|iPhone
		Ad-Hoc|iPhoneSimulator = Ad-Hoc|iPhoneSimulator
		Ad-Hoc|x64 = Ad-Hoc|x64
		Ad-Hoc|x86 = Ad-Hoc|x86
		AppStore|Any CPU = AppStore|Any CPU
		AppStore|ARM = AppStore|ARM
		AppStore|iPhone = AppStore|iPhone
		AppStore|iPhoneSimulator = AppStore|iPhoneSimulator
		AppStore|x64 = AppStore|x64
		AppStore|x86 = AppStore|x86
		Debug|Any CPU = Debug|Any CPU
		Debug|ARM = Debug|ARM
		Debug|iPhone = Debug|iPhone
		Debug|iPhoneSimulator = Debug|iPhoneSimulator
		Debug|x64 = Debug|x64
		Debug|x86 = Debug|x86
		Release|Any CPU = Release|Any CPU
		Release|ARM = Release|ARM
		Release|iPhone = Release|iPhone
		Release|iPhoneSimulator = Release|iPhoneSimulator
		Release|x64 = Release|x64
		Release|x86 = Release|x86
	EndGlobalSection
	GlobalSection(ProjectConfigurationPlatforms) = postSolution
		{D3BAD2DF-A5D2-44B9-8CB0-6A5E6C1183E2}.Ad-Hoc|Any CPU.ActiveCfg = Release|Any CPU
		{D3BAD2DF-A5D2-44B9-8CB0-6A5E6C1183E2}.Ad-Hoc|Any CPU.Build.0 = Release|Any CPU
		{D3BAD2DF-A5D2-44B9-8CB0-6A5E6C1183E2}.Ad-Hoc|Any CPU.Deploy.0 = Release|Any CPU
		{D3BAD2DF-A5D2-44B9-8CB0-6A5E6C1183E2}.Ad-Hoc|ARM.ActiveCfg = Release|Any CPU
		{D3BAD2DF-A5D2-44B9-8CB0-6A5E6C1183E2}.Ad-Hoc|ARM.Build.0 = Release|Any CPU
		{D3BAD2DF-A5D2-44B9-8CB0-6A5E6C1183E2}.Ad-Hoc|ARM.Deploy.0 = Release|Any CPU
		{D3BAD2DF-A5D2-44B9-8CB0-6A5E6C1183E2}.Ad-Hoc|iPhone.ActiveCfg = Release|Any CPU
		{D3BAD2DF-A5D2-44B9-8CB0-6A5E6C1183E2}.Ad-Hoc|iPhone.Build.0 = Release|Any CPU
		{D3BAD2DF-A5D2-44B9-8CB0-6A5E6C1183E2}.Ad-Hoc|iPhone.Deploy.0 = Release|Any CPU
		{D3BAD2DF-A5D2-44B9-8CB0-6A5E6C1183E2}.Ad-Hoc|iPhoneSimulator.ActiveCfg = Release|Any CPU
		{D3BAD2DF-A5D2-44B9-8CB0-6A5E6C1183E2}.Ad-Hoc|iPhoneSimulator.Build.0 = Release|Any CPU
		{D3BAD2DF-A5D2-44B9-8CB0-6A5E6C1183E2}.Ad-Hoc|iPhoneSimulator.Deploy.0 = Release|Any CPU
		{D3BAD2DF-A5D2-44B9-8CB0-6A5E6C1183E2}.Ad-Hoc|x64.ActiveCfg = Release|Any CPU
		{D3BAD2DF-A5D2-44B9-8CB0-6A5E6C1183E2}.Ad-Hoc|x64.Build.0 = Release|Any CPU
		{D3BAD2DF-A5D2-44B9-8CB0-6A5E6C1183E2}.Ad-Hoc|x64.Deploy.0 = Release|Any CPU
		{D3BAD2DF-A5D2-44B9-8CB0-6A5E6C1183E2}.Ad-Hoc|x86.ActiveCfg = Release|Any CPU
		{D3BAD2DF-A5D2-44B9-8CB0-6A5E6C1183E2}.Ad-Hoc|x86.Build.0 = Release|Any CPU
		{D3BAD2DF-A5D2-44B9-8CB0-6A5E6C1183E2}.Ad-Hoc|x86.Deploy.0 = Release|Any CPU
		{D3BAD2DF-A5D2-44B9-8CB0-6A5E6C1183E2}.AppStore|Any CPU.ActiveCfg = Release|Any CPU
		{D3BAD2DF-A5D2-44B9-8CB0-6A5E6C1183E2}.AppStore|Any CPU.Build.0 = Release|Any CPU
		{D3BAD2DF-A5D2-44B9-8CB0-6A5E6C1183E2}.AppStore|Any CPU.Deploy.0 = Release|Any CPU
		{D3BAD2DF-A5D2-44B9-8CB0-6A5E6C1183E2}.AppStore|ARM.ActiveCfg = Release|Any CPU
		{D3BAD2DF-A5D2-44B9-8CB0-6A5E6C1183E2}.AppStore|ARM.Build.0 = Release|Any CPU
		{D3BAD2DF-A5D2-44B9-8CB0-6A5E6C1183E2}.AppStore|ARM.Deploy.0 = Release|Any CPU
		{D3BAD2DF-A5D2-44B9-8CB0-6A5E6C1183E2}.AppStore|iPhone.ActiveCfg = Release|Any CPU
		{D3BAD2DF-A5D2-44B9-8CB0-6A5E6C1183E2}.AppStore|iPhone.Build.0 = Release|Any CPU
		{D3BAD2DF-A5D2-44B9-8CB0-6A5E6C1183E2}.AppStore|iPhone.Deploy.0 = Release|Any CPU
		{D3BAD2DF-A5D2-44B9-8CB0-6A5E6C1183E2}.AppStore|iPhoneSimulator.ActiveCfg = Release|Any CPU
		{D3BAD2DF-A5D2-44B9-8CB0-6A5E6C1183E2}.AppStore|iPhoneSimulator.Build.0 = Release|Any CPU
		{D3BAD2DF-A5D2-44B9-8CB0-6A5E6C1183E2}.AppStore|iPhoneSimulator.Deploy.0 = Release|Any CPU
		{D3BAD2DF-A5D2-44B9-8CB0-6A5E6C1183E2}.AppStore|x64.ActiveCfg = Release|Any CPU
		{D3BAD2DF-A5D2-44B9-8CB0-6A5E6C1183E2}.AppStore|x64.Build.0 = Release|Any CPU
		{D3BAD2DF-A5D2-44B9-8CB0-6A5E6C1183E2}.AppStore|x64.Deploy.0 = Release|Any CPU
		{D3BAD2DF-A5D2-44B9-8CB0-6A5E6C1183E2}.AppStore|x86.ActiveCfg = Release|Any CPU
		{D3BAD2DF-A5D2-44B9-8CB0-6A5E6C1183E2}.AppStore|x86.Build.0 = Release|Any CPU
		{D3BAD2DF-A5D2-44B9-8CB0-6A5E6C1183E2}.AppStore|x86.Deploy.0 = Release|Any CPU
		{D3BAD2DF-A5D2-44B9-8CB0-6A5E6C1183E2}.Debug|Any CPU.ActiveCfg = Debug|Any CPU
		{D3BAD2DF-A5D2-44B9-8CB0-6A5E6C1183E2}.Debug|Any CPU.Build.0 = Debug|Any CPU
		{D3BAD2DF-A5D2-44B9-8CB0-6A5E6C1183E2}.Debug|Any CPU.Deploy.0 = Debug|Any CPU
		{D3BAD2DF-A5D2-44B9-8CB0-6A5E6C1183E2}.Debug|ARM.ActiveCfg = Debug|Any CPU
		{D3BAD2DF-A5D2-44B9-8CB0-6A5E6C1183E2}.Debug|ARM.Build.0 = Debug|Any CPU
		{D3BAD2DF-A5D2-44B9-8CB0-6A5E6C1183E2}.Debug|ARM.Deploy.0 = Debug|Any CPU
		{D3BAD2DF-A5D2-44B9-8CB0-6A5E6C1183E2}.Debug|iPhone.ActiveCfg = Debug|Any CPU
		{D3BAD2DF-A5D2-44B9-8CB0-6A5E6C1183E2}.Debug|iPhone.Build.0 = Debug|Any CPU
		{D3BAD2DF-A5D2-44B9-8CB0-6A5E6C1183E2}.Debug|iPhone.Deploy.0 = Debug|Any CPU
		{D3BAD2DF-A5D2-44B9-8CB0-6A5E6C1183E2}.Debug|iPhoneSimulator.ActiveCfg = Debug|Any CPU
		{D3BAD2DF-A5D2-44B9-8CB0-6A5E6C1183E2}.Debug|iPhoneSimulator.Build.0 = Debug|Any CPU
		{D3BAD2DF-A5D2-44B9-8CB0-6A5E6C1183E2}.Debug|iPhoneSimulator.Deploy.0 = Debug|Any CPU
		{D3BAD2DF-A5D2-44B9-8CB0-6A5E6C1183E2}.Debug|x64.ActiveCfg = Debug|Any CPU
		{D3BAD2DF-A5D2-44B9-8CB0-6A5E6C1183E2}.Debug|x64.Build.0 = Debug|Any CPU
		{D3BAD2DF-A5D2-44B9-8CB0-6A5E6C1183E2}.Debug|x64.Deploy.0 = Debug|Any CPU
		{D3BAD2DF-A5D2-44B9-8CB0-6A5E6C1183E2}.Debug|x86.ActiveCfg = Debug|Any CPU
		{D3BAD2DF-A5D2-44B9-8CB0-6A5E6C1183E2}.Debug|x86.Build.0 = Debug|Any CPU
		{D3BAD2DF-A5D2-44B9-8CB0-6A5E6C1183E2}.Debug|x86.Deploy.0 = Debug|Any CPU
		{D3BAD2DF-A5D2-44B9-8CB0-6A5E6C1183E2}.Release|Any CPU.ActiveCfg = Release|Any CPU
		{D3BAD2DF-A5D2-44B9-8CB0-6A5E6C1183E2}.Release|Any CPU.Build.0 = Release|Any CPU
		{D3BAD2DF-A5D2-44B9-8CB0-6A5E6C1183E2}.Release|Any CPU.Deploy.0 = Release|Any CPU
		{D3BAD2DF-A5D2-44B9-8CB0-6A5E6C1183E2}.Release|ARM.ActiveCfg = Release|Any CPU
		{D3BAD2DF-A5D2-44B9-8CB0-6A5E6C1183E2}.Release|ARM.Build.0 = Release|Any CPU
		{D3BAD2DF-A5D2-44B9-8CB0-6A5E6C1183E2}.Release|ARM.Deploy.0 = Release|Any CPU
		{D3BAD2DF-A5D2-44B9-8CB0-6A5E6C1183E2}.Release|iPhone.ActiveCfg = Release|Any CPU
		{D3BAD2DF-A5D2-44B9-8CB0-6A5E6C1183E2}.Release|iPhone.Build.0 = Release|Any CPU
		{D3BAD2DF-A5D2-44B9-8CB0-6A5E6C1183E2}.Release|iPhone.Deploy.0 = Release|Any CPU
		{D3BAD2DF-A5D2-44B9-8CB0-6A5E6C1183E2}.Release|iPhoneSimulator.ActiveCfg = Release|Any CPU
		{D3BAD2DF-A5D2-44B9-8CB0-6A5E6C1183E2}.Release|iPhoneSimulator.Build.0 = Release|Any CPU
		{D3BAD2DF-A5D2-44B9-8CB0-6A5E6C1183E2}.Release|iPhoneSimulator.Deploy.0 = Release|Any CPU
		{D3BAD2DF-A5D2-44B9-8CB0-6A5E6C1183E2}.Release|x64.ActiveCfg = Release|Any CPU
		{D3BAD2DF-A5D2-44B9-8CB0-6A5E6C1183E2}.Release|x64.Build.0 = Release|Any CPU
		{D3BAD2DF-A5D2-44B9-8CB0-6A5E6C1183E2}.Release|x64.Deploy.0 = Release|Any CPU
		{D3BAD2DF-A5D2-44B9-8CB0-6A5E6C1183E2}.Release|x86.ActiveCfg = Release|Any CPU
		{D3BAD2DF-A5D2-44B9-8CB0-6A5E6C1183E2}.Release|x86.Build.0 = Release|Any CPU
		{D3BAD2DF-A5D2-44B9-8CB0-6A5E6C1183E2}.Release|x86.Deploy.0 = Release|Any CPU
		{CF19FA6C-20C7-4D7F-AE6A-D30CC061CE96}.Ad-Hoc|Any CPU.ActiveCfg = Release|Any CPU
		{CF19FA6C-20C7-4D7F-AE6A-D30CC061CE96}.Ad-Hoc|Any CPU.Build.0 = Release|Any CPU
		{CF19FA6C-20C7-4D7F-AE6A-D30CC061CE96}.Ad-Hoc|ARM.ActiveCfg = Release|Any CPU
		{CF19FA6C-20C7-4D7F-AE6A-D30CC061CE96}.Ad-Hoc|ARM.Build.0 = Release|Any CPU
		{CF19FA6C-20C7-4D7F-AE6A-D30CC061CE96}.Ad-Hoc|iPhone.ActiveCfg = Release|Any CPU
		{CF19FA6C-20C7-4D7F-AE6A-D30CC061CE96}.Ad-Hoc|iPhone.Build.0 = Release|Any CPU
		{CF19FA6C-20C7-4D7F-AE6A-D30CC061CE96}.Ad-Hoc|iPhoneSimulator.ActiveCfg = Release|Any CPU
		{CF19FA6C-20C7-4D7F-AE6A-D30CC061CE96}.Ad-Hoc|iPhoneSimulator.Build.0 = Release|Any CPU
		{CF19FA6C-20C7-4D7F-AE6A-D30CC061CE96}.Ad-Hoc|x64.ActiveCfg = Release|Any CPU
		{CF19FA6C-20C7-4D7F-AE6A-D30CC061CE96}.Ad-Hoc|x64.Build.0 = Release|Any CPU
		{CF19FA6C-20C7-4D7F-AE6A-D30CC061CE96}.Ad-Hoc|x86.ActiveCfg = Release|Any CPU
		{CF19FA6C-20C7-4D7F-AE6A-D30CC061CE96}.Ad-Hoc|x86.Build.0 = Release|Any CPU
		{CF19FA6C-20C7-4D7F-AE6A-D30CC061CE96}.AppStore|Any CPU.ActiveCfg = Release|Any CPU
		{CF19FA6C-20C7-4D7F-AE6A-D30CC061CE96}.AppStore|Any CPU.Build.0 = Release|Any CPU
		{CF19FA6C-20C7-4D7F-AE6A-D30CC061CE96}.AppStore|ARM.ActiveCfg = Release|Any CPU
		{CF19FA6C-20C7-4D7F-AE6A-D30CC061CE96}.AppStore|ARM.Build.0 = Release|Any CPU
		{CF19FA6C-20C7-4D7F-AE6A-D30CC061CE96}.AppStore|iPhone.ActiveCfg = Release|Any CPU
		{CF19FA6C-20C7-4D7F-AE6A-D30CC061CE96}.AppStore|iPhone.Build.0 = Release|Any CPU
		{CF19FA6C-20C7-4D7F-AE6A-D30CC061CE96}.AppStore|iPhoneSimulator.ActiveCfg = Release|Any CPU
		{CF19FA6C-20C7-4D7F-AE6A-D30CC061CE96}.AppStore|iPhoneSimulator.Build.0 = Release|Any CPU
		{CF19FA6C-20C7-4D7F-AE6A-D30CC061CE96}.AppStore|x64.ActiveCfg = Release|Any CPU
		{CF19FA6C-20C7-4D7F-AE6A-D30CC061CE96}.AppStore|x64.Build.0 = Release|Any CPU
		{CF19FA6C-20C7-4D7F-AE6A-D30CC061CE96}.AppStore|x86.ActiveCfg = Release|Any CPU
		{CF19FA6C-20C7-4D7F-AE6A-D30CC061CE96}.AppStore|x86.Build.0 = Release|Any CPU
		{CF19FA6C-20C7-4D7F-AE6A-D30CC061CE96}.Debug|Any CPU.ActiveCfg = Debug|Any CPU
		{CF19FA6C-20C7-4D7F-AE6A-D30CC061CE96}.Debug|Any CPU.Build.0 = Debug|Any CPU
		{CF19FA6C-20C7-4D7F-AE6A-D30CC061CE96}.Debug|ARM.ActiveCfg = Debug|Any CPU
		{CF19FA6C-20C7-4D7F-AE6A-D30CC061CE96}.Debug|ARM.Build.0 = Debug|Any CPU
		{CF19FA6C-20C7-4D7F-AE6A-D30CC061CE96}.Debug|iPhone.ActiveCfg = Debug|Any CPU
		{CF19FA6C-20C7-4D7F-AE6A-D30CC061CE96}.Debug|iPhone.Build.0 = Debug|Any CPU
		{CF19FA6C-20C7-4D7F-AE6A-D30CC061CE96}.Debug|iPhoneSimulator.ActiveCfg = Debug|Any CPU
		{CF19FA6C-20C7-4D7F-AE6A-D30CC061CE96}.Debug|iPhoneSimulator.Build.0 = Debug|Any CPU
		{CF19FA6C-20C7-4D7F-AE6A-D30CC061CE96}.Debug|x64.ActiveCfg = Debug|Any CPU
		{CF19FA6C-20C7-4D7F-AE6A-D30CC061CE96}.Debug|x64.Build.0 = Debug|Any CPU
		{CF19FA6C-20C7-4D7F-AE6A-D30CC061CE96}.Debug|x86.ActiveCfg = Debug|Any CPU
		{CF19FA6C-20C7-4D7F-AE6A-D30CC061CE96}.Debug|x86.Build.0 = Debug|Any CPU
		{CF19FA6C-20C7-4D7F-AE6A-D30CC061CE96}.Release|Any CPU.ActiveCfg = Release|Any CPU
		{CF19FA6C-20C7-4D7F-AE6A-D30CC061CE96}.Release|Any CPU.Build.0 = Release|Any CPU
		{CF19FA6C-20C7-4D7F-AE6A-D30CC061CE96}.Release|ARM.ActiveCfg = Release|Any CPU
		{CF19FA6C-20C7-4D7F-AE6A-D30CC061CE96}.Release|ARM.Build.0 = Release|Any CPU
		{CF19FA6C-20C7-4D7F-AE6A-D30CC061CE96}.Release|iPhone.ActiveCfg = Release|Any CPU
		{CF19FA6C-20C7-4D7F-AE6A-D30CC061CE96}.Release|iPhone.Build.0 = Release|Any CPU
		{CF19FA6C-20C7-4D7F-AE6A-D30CC061CE96}.Release|iPhoneSimulator.ActiveCfg = Release|Any CPU
		{CF19FA6C-20C7-4D7F-AE6A-D30CC061CE96}.Release|iPhoneSimulator.Build.0 = Release|Any CPU
		{CF19FA6C-20C7-4D7F-AE6A-D30CC061CE96}.Release|x64.ActiveCfg = Release|Any CPU
		{CF19FA6C-20C7-4D7F-AE6A-D30CC061CE96}.Release|x64.Build.0 = Release|Any CPU
		{CF19FA6C-20C7-4D7F-AE6A-D30CC061CE96}.Release|x86.ActiveCfg = Release|Any CPU
		{CF19FA6C-20C7-4D7F-AE6A-D30CC061CE96}.Release|x86.Build.0 = Release|Any CPU
		{A60A26C2-E2FC-460F-B229-8CACEA00E80B}.Ad-Hoc|Any CPU.ActiveCfg = Ad-Hoc|iPhone
		{A60A26C2-E2FC-460F-B229-8CACEA00E80B}.Ad-Hoc|ARM.ActiveCfg = Ad-Hoc|iPhone
		{A60A26C2-E2FC-460F-B229-8CACEA00E80B}.Ad-Hoc|iPhone.ActiveCfg = Ad-Hoc|iPhone
		{A60A26C2-E2FC-460F-B229-8CACEA00E80B}.Ad-Hoc|iPhone.Build.0 = Ad-Hoc|iPhone
		{A60A26C2-E2FC-460F-B229-8CACEA00E80B}.Ad-Hoc|iPhoneSimulator.ActiveCfg = Ad-Hoc|iPhoneSimulator
		{A60A26C2-E2FC-460F-B229-8CACEA00E80B}.Ad-Hoc|iPhoneSimulator.Build.0 = Ad-Hoc|iPhoneSimulator
		{A60A26C2-E2FC-460F-B229-8CACEA00E80B}.Ad-Hoc|x64.ActiveCfg = Ad-Hoc|iPhone
		{A60A26C2-E2FC-460F-B229-8CACEA00E80B}.Ad-Hoc|x86.ActiveCfg = Ad-Hoc|iPhone
		{A60A26C2-E2FC-460F-B229-8CACEA00E80B}.AppStore|Any CPU.ActiveCfg = AppStore|iPhone
		{A60A26C2-E2FC-460F-B229-8CACEA00E80B}.AppStore|ARM.ActiveCfg = AppStore|iPhone
		{A60A26C2-E2FC-460F-B229-8CACEA00E80B}.AppStore|iPhone.ActiveCfg = AppStore|iPhone
		{A60A26C2-E2FC-460F-B229-8CACEA00E80B}.AppStore|iPhone.Build.0 = AppStore|iPhone
		{A60A26C2-E2FC-460F-B229-8CACEA00E80B}.AppStore|iPhoneSimulator.ActiveCfg = AppStore|iPhoneSimulator
		{A60A26C2-E2FC-460F-B229-8CACEA00E80B}.AppStore|iPhoneSimulator.Build.0 = AppStore|iPhoneSimulator
		{A60A26C2-E2FC-460F-B229-8CACEA00E80B}.AppStore|x64.ActiveCfg = AppStore|iPhone
		{A60A26C2-E2FC-460F-B229-8CACEA00E80B}.AppStore|x86.ActiveCfg = AppStore|iPhone
		{A60A26C2-E2FC-460F-B229-8CACEA00E80B}.Debug|Any CPU.ActiveCfg = Debug|iPhone
		{A60A26C2-E2FC-460F-B229-8CACEA00E80B}.Debug|ARM.ActiveCfg = Debug|iPhone
		{A60A26C2-E2FC-460F-B229-8CACEA00E80B}.Debug|iPhone.ActiveCfg = Debug|iPhone
		{A60A26C2-E2FC-460F-B229-8CACEA00E80B}.Debug|iPhone.Build.0 = Debug|iPhone
		{A60A26C2-E2FC-460F-B229-8CACEA00E80B}.Debug|iPhoneSimulator.ActiveCfg = Debug|iPhoneSimulator
		{A60A26C2-E2FC-460F-B229-8CACEA00E80B}.Debug|iPhoneSimulator.Build.0 = Debug|iPhoneSimulator
		{A60A26C2-E2FC-460F-B229-8CACEA00E80B}.Debug|x64.ActiveCfg = Debug|iPhone
		{A60A26C2-E2FC-460F-B229-8CACEA00E80B}.Debug|x86.ActiveCfg = Debug|iPhone
		{A60A26C2-E2FC-460F-B229-8CACEA00E80B}.Release|Any CPU.ActiveCfg = Release|iPhone
		{A60A26C2-E2FC-460F-B229-8CACEA00E80B}.Release|ARM.ActiveCfg = Release|iPhone
		{A60A26C2-E2FC-460F-B229-8CACEA00E80B}.Release|iPhone.ActiveCfg = Release|iPhone
		{A60A26C2-E2FC-460F-B229-8CACEA00E80B}.Release|iPhone.Build.0 = Release|iPhone
		{A60A26C2-E2FC-460F-B229-8CACEA00E80B}.Release|iPhoneSimulator.ActiveCfg = Release|iPhoneSimulator
		{A60A26C2-E2FC-460F-B229-8CACEA00E80B}.Release|iPhoneSimulator.Build.0 = Release|iPhoneSimulator
		{A60A26C2-E2FC-460F-B229-8CACEA00E80B}.Release|x64.ActiveCfg = Release|iPhone
		{A60A26C2-E2FC-460F-B229-8CACEA00E80B}.Release|x86.ActiveCfg = Release|iPhone
		{72BA4630-0C5C-4FDA-B098-F34F828B0605}.Ad-Hoc|Any CPU.ActiveCfg = Release|x64
		{72BA4630-0C5C-4FDA-B098-F34F828B0605}.Ad-Hoc|Any CPU.Build.0 = Release|x64
		{72BA4630-0C5C-4FDA-B098-F34F828B0605}.Ad-Hoc|Any CPU.Deploy.0 = Release|x64
		{72BA4630-0C5C-4FDA-B098-F34F828B0605}.Ad-Hoc|ARM.ActiveCfg = Release|ARM
		{72BA4630-0C5C-4FDA-B098-F34F828B0605}.Ad-Hoc|ARM.Build.0 = Release|ARM
		{72BA4630-0C5C-4FDA-B098-F34F828B0605}.Ad-Hoc|ARM.Deploy.0 = Release|ARM
		{72BA4630-0C5C-4FDA-B098-F34F828B0605}.Ad-Hoc|iPhone.ActiveCfg = Release|x64
		{72BA4630-0C5C-4FDA-B098-F34F828B0605}.Ad-Hoc|iPhone.Build.0 = Release|x64
		{72BA4630-0C5C-4FDA-B098-F34F828B0605}.Ad-Hoc|iPhone.Deploy.0 = Release|x64
		{72BA4630-0C5C-4FDA-B098-F34F828B0605}.Ad-Hoc|iPhoneSimulator.ActiveCfg = Release|x64
		{72BA4630-0C5C-4FDA-B098-F34F828B0605}.Ad-Hoc|iPhoneSimulator.Build.0 = Release|x64
		{72BA4630-0C5C-4FDA-B098-F34F828B0605}.Ad-Hoc|iPhoneSimulator.Deploy.0 = Release|x64
		{72BA4630-0C5C-4FDA-B098-F34F828B0605}.Ad-Hoc|x64.ActiveCfg = Release|x64
		{72BA4630-0C5C-4FDA-B098-F34F828B0605}.Ad-Hoc|x64.Build.0 = Release|x64
		{72BA4630-0C5C-4FDA-B098-F34F828B0605}.Ad-Hoc|x64.Deploy.0 = Release|x64
		{72BA4630-0C5C-4FDA-B098-F34F828B0605}.Ad-Hoc|x86.ActiveCfg = Release|x86
		{72BA4630-0C5C-4FDA-B098-F34F828B0605}.Ad-Hoc|x86.Build.0 = Release|x86
		{72BA4630-0C5C-4FDA-B098-F34F828B0605}.Ad-Hoc|x86.Deploy.0 = Release|x86
		{72BA4630-0C5C-4FDA-B098-F34F828B0605}.AppStore|Any CPU.ActiveCfg = Release|x64
		{72BA4630-0C5C-4FDA-B098-F34F828B0605}.AppStore|Any CPU.Build.0 = Release|x64
		{72BA4630-0C5C-4FDA-B098-F34F828B0605}.AppStore|Any CPU.Deploy.0 = Release|x64
		{72BA4630-0C5C-4FDA-B098-F34F828B0605}.AppStore|ARM.ActiveCfg = Release|ARM
		{72BA4630-0C5C-4FDA-B098-F34F828B0605}.AppStore|ARM.Build.0 = Release|ARM
		{72BA4630-0C5C-4FDA-B098-F34F828B0605}.AppStore|ARM.Deploy.0 = Release|ARM
		{72BA4630-0C5C-4FDA-B098-F34F828B0605}.AppStore|iPhone.ActiveCfg = Release|x64
		{72BA4630-0C5C-4FDA-B098-F34F828B0605}.AppStore|iPhone.Build.0 = Release|x64
		{72BA4630-0C5C-4FDA-B098-F34F828B0605}.AppStore|iPhone.Deploy.0 = Release|x64
		{72BA4630-0C5C-4FDA-B098-F34F828B0605}.AppStore|iPhoneSimulator.ActiveCfg = Release|x64
		{72BA4630-0C5C-4FDA-B098-F34F828B0605}.AppStore|iPhoneSimulator.Build.0 = Release|x64
		{72BA4630-0C5C-4FDA-B098-F34F828B0605}.AppStore|iPhoneSimulator.Deploy.0 = Release|x64
		{72BA4630-0C5C-4FDA-B098-F34F828B0605}.AppStore|x64.ActiveCfg = Release|x64
		{72BA4630-0C5C-4FDA-B098-F34F828B0605}.AppStore|x64.Build.0 = Release|x64
		{72BA4630-0C5C-4FDA-B098-F34F828B0605}.AppStore|x64.Deploy.0 = Release|x64
		{72BA4630-0C5C-4FDA-B098-F34F828B0605}.AppStore|x86.ActiveCfg = Release|x86
		{72BA4630-0C5C-4FDA-B098-F34F828B0605}.AppStore|x86.Build.0 = Release|x86
		{72BA4630-0C5C-4FDA-B098-F34F828B0605}.AppStore|x86.Deploy.0 = Release|x86
		{72BA4630-0C5C-4FDA-B098-F34F828B0605}.Debug|Any CPU.ActiveCfg = Debug|x86
		{72BA4630-0C5C-4FDA-B098-F34F828B0605}.Debug|ARM.ActiveCfg = Debug|ARM
		{72BA4630-0C5C-4FDA-B098-F34F828B0605}.Debug|ARM.Build.0 = Debug|ARM
		{72BA4630-0C5C-4FDA-B098-F34F828B0605}.Debug|ARM.Deploy.0 = Debug|ARM
		{72BA4630-0C5C-4FDA-B098-F34F828B0605}.Debug|iPhone.ActiveCfg = Debug|x86
		{72BA4630-0C5C-4FDA-B098-F34F828B0605}.Debug|iPhoneSimulator.ActiveCfg = Debug|x86
		{72BA4630-0C5C-4FDA-B098-F34F828B0605}.Debug|x64.ActiveCfg = Debug|x64
		{72BA4630-0C5C-4FDA-B098-F34F828B0605}.Debug|x64.Build.0 = Debug|x64
		{72BA4630-0C5C-4FDA-B098-F34F828B0605}.Debug|x64.Deploy.0 = Debug|x64
		{72BA4630-0C5C-4FDA-B098-F34F828B0605}.Debug|x86.ActiveCfg = Debug|x86
		{72BA4630-0C5C-4FDA-B098-F34F828B0605}.Debug|x86.Build.0 = Debug|x86
		{72BA4630-0C5C-4FDA-B098-F34F828B0605}.Debug|x86.Deploy.0 = Debug|x86
		{72BA4630-0C5C-4FDA-B098-F34F828B0605}.Release|Any CPU.ActiveCfg = Release|x86
		{72BA4630-0C5C-4FDA-B098-F34F828B0605}.Release|ARM.ActiveCfg = Release|ARM
		{72BA4630-0C5C-4FDA-B098-F34F828B0605}.Release|ARM.Build.0 = Release|ARM
		{72BA4630-0C5C-4FDA-B098-F34F828B0605}.Release|ARM.Deploy.0 = Release|ARM
		{72BA4630-0C5C-4FDA-B098-F34F828B0605}.Release|iPhone.ActiveCfg = Release|x86
		{72BA4630-0C5C-4FDA-B098-F34F828B0605}.Release|iPhoneSimulator.ActiveCfg = Release|x86
		{72BA4630-0C5C-4FDA-B098-F34F828B0605}.Release|x64.ActiveCfg = Release|x64
		{72BA4630-0C5C-4FDA-B098-F34F828B0605}.Release|x64.Build.0 = Release|x64
		{72BA4630-0C5C-4FDA-B098-F34F828B0605}.Release|x64.Deploy.0 = Release|x64
		{72BA4630-0C5C-4FDA-B098-F34F828B0605}.Release|x86.ActiveCfg = Release|x86
		{72BA4630-0C5C-4FDA-B098-F34F828B0605}.Release|x86.Build.0 = Release|x86
		{72BA4630-0C5C-4FDA-B098-F34F828B0605}.Release|x86.Deploy.0 = Release|x86
		{05C75C97-AE78-43D4-9DDA-A8FB32840799}.Ad-Hoc|Any CPU.ActiveCfg = Release|Any CPU
		{05C75C97-AE78-43D4-9DDA-A8FB32840799}.Ad-Hoc|Any CPU.Build.0 = Release|Any CPU
		{05C75C97-AE78-43D4-9DDA-A8FB32840799}.Ad-Hoc|ARM.ActiveCfg = Release|Any CPU
		{05C75C97-AE78-43D4-9DDA-A8FB32840799}.Ad-Hoc|ARM.Build.0 = Release|Any CPU
		{05C75C97-AE78-43D4-9DDA-A8FB32840799}.Ad-Hoc|iPhone.ActiveCfg = Release|Any CPU
		{05C75C97-AE78-43D4-9DDA-A8FB32840799}.Ad-Hoc|iPhone.Build.0 = Release|Any CPU
		{05C75C97-AE78-43D4-9DDA-A8FB32840799}.Ad-Hoc|iPhoneSimulator.ActiveCfg = Release|Any CPU
		{05C75C97-AE78-43D4-9DDA-A8FB32840799}.Ad-Hoc|iPhoneSimulator.Build.0 = Release|Any CPU
		{05C75C97-AE78-43D4-9DDA-A8FB32840799}.Ad-Hoc|x64.ActiveCfg = Release|Any CPU
		{05C75C97-AE78-43D4-9DDA-A8FB32840799}.Ad-Hoc|x64.Build.0 = Release|Any CPU
		{05C75C97-AE78-43D4-9DDA-A8FB32840799}.Ad-Hoc|x86.ActiveCfg = Release|Any CPU
		{05C75C97-AE78-43D4-9DDA-A8FB32840799}.Ad-Hoc|x86.Build.0 = Release|Any CPU
		{05C75C97-AE78-43D4-9DDA-A8FB32840799}.AppStore|Any CPU.ActiveCfg = Release|Any CPU
		{05C75C97-AE78-43D4-9DDA-A8FB32840799}.AppStore|Any CPU.Build.0 = Release|Any CPU
		{05C75C97-AE78-43D4-9DDA-A8FB32840799}.AppStore|ARM.ActiveCfg = Release|Any CPU
		{05C75C97-AE78-43D4-9DDA-A8FB32840799}.AppStore|ARM.Build.0 = Release|Any CPU
		{05C75C97-AE78-43D4-9DDA-A8FB32840799}.AppStore|iPhone.ActiveCfg = Release|Any CPU
		{05C75C97-AE78-43D4-9DDA-A8FB32840799}.AppStore|iPhone.Build.0 = Release|Any CPU
		{05C75C97-AE78-43D4-9DDA-A8FB32840799}.AppStore|iPhoneSimulator.ActiveCfg = Release|Any CPU
		{05C75C97-AE78-43D4-9DDA-A8FB32840799}.AppStore|iPhoneSimulator.Build.0 = Release|Any CPU
		{05C75C97-AE78-43D4-9DDA-A8FB32840799}.AppStore|x64.ActiveCfg = Release|Any CPU
		{05C75C97-AE78-43D4-9DDA-A8FB32840799}.AppStore|x64.Build.0 = Release|Any CPU
		{05C75C97-AE78-43D4-9DDA-A8FB32840799}.AppStore|x86.ActiveCfg = Release|Any CPU
		{05C75C97-AE78-43D4-9DDA-A8FB32840799}.AppStore|x86.Build.0 = Release|Any CPU
		{05C75C97-AE78-43D4-9DDA-A8FB32840799}.Debug|Any CPU.ActiveCfg = Debug|Any CPU
		{05C75C97-AE78-43D4-9DDA-A8FB32840799}.Debug|Any CPU.Build.0 = Debug|Any CPU
		{05C75C97-AE78-43D4-9DDA-A8FB32840799}.Debug|ARM.ActiveCfg = Debug|Any CPU
		{05C75C97-AE78-43D4-9DDA-A8FB32840799}.Debug|ARM.Build.0 = Debug|Any CPU
		{05C75C97-AE78-43D4-9DDA-A8FB32840799}.Debug|iPhone.ActiveCfg = Debug|Any CPU
		{05C75C97-AE78-43D4-9DDA-A8FB32840799}.Debug|iPhone.Build.0 = Debug|Any CPU
		{05C75C97-AE78-43D4-9DDA-A8FB32840799}.Debug|iPhoneSimulator.ActiveCfg = Debug|Any CPU
		{05C75C97-AE78-43D4-9DDA-A8FB32840799}.Debug|iPhoneSimulator.Build.0 = Debug|Any CPU
		{05C75C97-AE78-43D4-9DDA-A8FB32840799}.Debug|x64.ActiveCfg = Debug|Any CPU
		{05C75C97-AE78-43D4-9DDA-A8FB32840799}.Debug|x64.Build.0 = Debug|Any CPU
		{05C75C97-AE78-43D4-9DDA-A8FB32840799}.Debug|x86.ActiveCfg = Debug|Any CPU
		{05C75C97-AE78-43D4-9DDA-A8FB32840799}.Debug|x86.Build.0 = Debug|Any CPU
		{05C75C97-AE78-43D4-9DDA-A8FB32840799}.Release|Any CPU.ActiveCfg = Release|Any CPU
		{05C75C97-AE78-43D4-9DDA-A8FB32840799}.Release|Any CPU.Build.0 = Release|Any CPU
		{05C75C97-AE78-43D4-9DDA-A8FB32840799}.Release|ARM.ActiveCfg = Release|Any CPU
		{05C75C97-AE78-43D4-9DDA-A8FB32840799}.Release|ARM.Build.0 = Release|Any CPU
		{05C75C97-AE78-43D4-9DDA-A8FB32840799}.Release|iPhone.ActiveCfg = Release|Any CPU
		{05C75C97-AE78-43D4-9DDA-A8FB32840799}.Release|iPhone.Build.0 = Release|Any CPU
		{05C75C97-AE78-43D4-9DDA-A8FB32840799}.Release|iPhoneSimulator.ActiveCfg = Release|Any CPU
		{05C75C97-AE78-43D4-9DDA-A8FB32840799}.Release|iPhoneSimulator.Build.0 = Release|Any CPU
		{05C75C97-AE78-43D4-9DDA-A8FB32840799}.Release|x64.ActiveCfg = Release|Any CPU
		{05C75C97-AE78-43D4-9DDA-A8FB32840799}.Release|x64.Build.0 = Release|Any CPU
		{05C75C97-AE78-43D4-9DDA-A8FB32840799}.Release|x86.ActiveCfg = Release|Any CPU
		{05C75C97-AE78-43D4-9DDA-A8FB32840799}.Release|x86.Build.0 = Release|Any CPU
	EndGlobalSection
	GlobalSection(SolutionProperties) = preSolution
		HideSolutionNode = FALSE
	EndGlobalSection
	GlobalSection(ExtensibilityGlobals) = postSolution
		SolutionGuid = {6052F3A7-6007-45EE-9AC6-FD681205D18F}
	EndGlobalSection
EndGlobal
